
Microsoft Visual Studio Solution File, Format Version 12.00
# Visual Studio Version 17
VisualStudioVersion = 17.7.34024.191
MinimumVisualStudioVersion = 10.0.40219.1
Project("{FAE04EC0-301F-11D3-BF4B-00C04F79EFBC}") = "Test_Class", "Test_Class.csproj", "{14D11F32-E419-48E5-AEC9-FCC921941E0B}"
EndProject
Project("{FAE04EC0-301F-11D3-BF4B-00C04F79EFBC}") = "Test_Class1", "..\Test_Class1\Test_Class1.csproj", "{DD6B526E-446F-45CC-9331-A1B9572E338A}"
EndProject
Global
	GlobalSection(SolutionConfigurationPlatforms) = preSolution
		Debug|Any CPU = Debug|Any CPU
		Release|Any CPU = Release|Any CPU
	EndGlobalSection
	GlobalSection(ProjectConfigurationPlatforms) = postSolution
		{14D11F32-E419-48E5-AEC9-FCC921941E0B}.Debug|Any CPU.ActiveCfg = Debug|Any CPU
		{14D11F32-E419-48E5-AEC9-FCC921941E0B}.Debug|Any CPU.Build.0 = Debug|Any CPU
		{14D11F32-E419-48E5-AEC9-FCC921941E0B}.Release|Any CPU.ActiveCfg = Release|Any CPU
		{14D11F32-E419-48E5-AEC9-FCC921941E0B}.Release|Any CPU.Build.0 = Release|Any CPU
		{DD6B526E-446F-45CC-9331-A1B9572E338A}.Debug|Any CPU.ActiveCfg = Debug|Any CPU
		{DD6B526E-446F-45CC-9331-A1B9572E338A}.Debug|Any CPU.Build.0 = Debug|Any CPU
		{DD6B526E-446F-45CC-9331-A1B9572E338A}.Release|Any CPU.ActiveCfg = Release|Any CPU
		{DD6B526E-446F-45CC-9331-A1B9572E338A}.Release|Any CPU.Build.0 = Release|Any CPU
	EndGlobalSection
	GlobalSection(SolutionProperties) = preSolution
		HideSolutionNode = FALSE
	EndGlobalSection
	GlobalSection(ExtensibilityGlobals) = postSolution
		SolutionGuid = {5B35BC2B-9907-4681-A3C5-C45653F60E10}
	EndGlobalSection
EndGlobal
